Microsoft Visual Studio Solution File, Format Version 11.00
# Visual Studio 2008

Project("{9EEA31A5-ABEA-6E7A-9E52-99539ABA4245}") = "demo_hackathon", "Assembly-CSharp.csproj", "{D44CB345-7CB1-0DD6-730D-9CAB00C9854E}"
EndProject
Global
	GlobalSection(SolutionConfigurationPlatforms) = preSolution
		Debug|Any CPU = Debug|Any CPU
		Release|Any CPU = Release|Any CPU
	EndGlobalSection
	GlobalSection(ProjectConfigurationPlatforms) = postSolution
		{D44CB345-7CB1-0DD6-730D-9CAB00C9854E}.Debug|Any CPU.ActiveCfg = Debug|Any CPU
		{D44CB345-7CB1-0DD6-730D-9CAB00C9854E}.Debug|Any CPU.Build.0 = Debug|Any CPU
		{D44CB345-7CB1-0DD6-730D-9CAB00C9854E}.Release|Any CPU.ActiveCfg = Release|Any CPU
		{D44CB345-7CB1-0DD6-730D-9CAB00C9854E}.Release|Any CPU.Build.0 = Release|Any CPU
	EndGlobalSection
	GlobalSection(SolutionProperties) = preSolution
		HideSolutionNode = FALSE
	EndGlobalSection
	GlobalSection(MonoDevelopProperties) = preSolution
		StartupItem = Assembly-CSharp.csproj
	EndGlobalSection
EndGlobal
